
Microsoft Visual Studio Solution File, Format Version 12.00
# Visual Studio Version 16
VisualStudioVersion = 16.0.31911.196
MinimumVisualStudioVersion = 10.0.40219.1
Project("{FAE04EC0-301F-11D3-BF4B-00C04F79EFBC}") = "WebSiteBanHang", "WebSiteBanHang\WebSiteBanHang.csproj", "{F80FE4F4-43E1-4D7A-96C3-BBFFED4B47CA}"
EndProject
Global
	GlobalSection(SolutionConfigurationPlatforms) = preSolution
		Debug|Any CPU = Debug|Any CPU
		Release|Any CPU = Release|Any CPU
	EndGlobalSection
	GlobalSection(ProjectConfigurationPlatforms) = postSolution
		{F80FE4F4-43E1-4D7A-96C3-BBFFED4B47CA}.Debug|Any CPU.ActiveCfg = Debug|Any CPU
		{F80FE4F4-43E1-4D7A-96C3-BBFFED4B47CA}.Debug|Any CPU.Build.0 = Debug|Any CPU
		{F80FE4F4-43E1-4D7A-96C3-BBFFED4B47CA}.Release|Any CPU.ActiveCfg = Release|Any CPU
		{F80FE4F4-43E1-4D7A-96C3-BBFFED4B47CA}.Release|Any CPU.Build.0 = Release|Any CPU
	EndGlobalSection
	GlobalSection(SolutionProperties) = preSolution
		HideSolutionNode = FALSE
	EndGlobalSection
	GlobalSection(ExtensibilityGlobals) = postSolution
		SolutionGuid = {E69426AF-656D-41CC-8719-05DD2E3A46EE}
	EndGlobalSection
EndGlobal
